<?xml version="1.0" encoding="utf-8"?>
<Project ToolsVersion="4.0" xmlns="http://schemas.microsoft.com/developer/msbuild/2003">
  <ItemGroup>
    <Filter Include="Source Files">
      <UniqueIdentifier>{738d0ad8-6f60-4535-8abd-ffd9d1470455}</UniqueIdentifier>
      <Extensions>txt</Extensions>
    </Filter>
    <Filter Include="Header Files">
      <UniqueIdentifier>{34514610-8e8f-4760-81f5-2c3faaf79aaa}</UniqueIdentifier>
    </Filter>
    <Filter Include="Resource Files">
      <UniqueIdentifier>{82155537-408f-4238-984d-19ebc731fbca}</UniqueIdentifier>
    </Filter>
  </ItemGroup>
  <ItemGroup>
    <None Include="ReadMe.txt">
      <Filter>Source Files</Filter>
    </None>
    <None Include="SampleH.ico">
      <Filter>Resource Files</Filter>
    </None>
    <None Include="SampleHDoc.ico">
      <Filter>Resource Files</Filter>
    </None>
    <None Include="Toolbar.bmp">
      <Filter>Resource Files</Filter>
    </None>
    <None Include="SampleH.rc2">
      <Filter>Resource Files</Filter>
    </None>
  </ItemGroup>
  <ItemGroup>
    <ClCompile Include="ChildFrm.cpp">
      <Filter>Source Files</Filter>
    </ClCompile>
    <ClCompile Include="HSampleHModel.cpp">
      <Filter>Source Files</Filter>
    </ClCompile>
    <ClCompile Include="HSampleHSelectionSet.cpp">
      <Filter>Source Files</Filter>
    </ClCompile>
    <ClCompile Include="HSampleHView.cpp">
      <Filter>Source Files</Filter>
    </ClCompile>
    <ClCompile Include="MainFrm.cpp">
      <Filter>Source Files</Filter>
    </ClCompile>
    <ClCompile Include="SampleH.cpp">
      <Filter>Source Files</Filter>
    </ClCompile>
    <ClCompile Include="SampleHDoc.cpp">
      <Filter>Source Files</Filter>
    </ClCompile>
    <ClCompile Include="SampleHView.cpp">
      <Filter>Source Files</Filter>
    </ClCompile>
    <ClCompile Include="StdAfx.cpp">
      <Filter>Source Files</Filter>
    </ClCompile>
    <ClCompile Include="CreateBlockDlg.cpp">
      <Filter>Source Files</Filter>
    </ClCompile>
    <ClCompile Include="EntityOneClickOperator.cpp">
      <Filter>Source Files</Filter>
    </ClCompile>
    <ClCompile Include="BlendDlg.cpp">
      <Filter>Source Files</Filter>
    </ClCompile>
    <ClCompile Include="PsBooleanOperator.cpp">
      <Filter>Source Files</Filter>
    </ClCompile>
  </ItemGroup>
  <ItemGroup>
    <ClInclude Include="ChildFrm.h">
      <Filter>Header Files</Filter>
    </ClInclude>
    <ClInclude Include="HSampleHModel.h">
      <Filter>Header Files</Filter>
    </ClInclude>
    <ClInclude Include="HSampleHSelectionSet.h">
      <Filter>Header Files</Filter>
    </ClInclude>
    <ClInclude Include="HSampleHView.h">
      <Filter>Header Files</Filter>
    </ClInclude>
    <ClInclude Include="MainFrm.h">
      <Filter>Header Files</Filter>
    </ClInclude>
    <ClInclude Include="Resource.h">
      <Filter>Header Files</Filter>
    </ClInclude>
    <ClInclude Include="SampleH.h">
      <Filter>Header Files</Filter>
    </ClInclude>
    <ClInclude Include="SampleHDoc.h">
      <Filter>Header Files</Filter>
    </ClInclude>
    <ClInclude Include="SampleHView.h">
      <Filter>Header Files</Filter>
    </ClInclude>
    <ClInclude Include="StdAfx.h">
      <Filter>Header Files</Filter>
    </ClInclude>
    <ClInclude Include="CreateBlockDlg.h">
      <Filter>Header Files</Filter>
    </ClInclude>
    <ClInclude Include="EntityOneClickOperator.h">
      <Filter>Header Files</Filter>
    </ClInclude>
    <ClInclude Include="BlendDlg.h">
      <Filter>Header Files</Filter>
    </ClInclude>
    <ClInclude Include="PsBooleanOperator.h">
      <Filter>Header Files</Filter>
    </ClInclude>
  </ItemGroup>
  <ItemGroup>
    <ResourceCompile Include="SampleH.rc">
      <Filter>Resource Files</Filter>
    </ResourceCompile>
  </ItemGroup>
</Project>